
Microsoft Visual Studio Solution File, Format Version 12.00
# Visual Studio Version 17
VisualStudioVersion = 17.0.31903.59
MinimumVisualStudioVersion = 10.0.40219.1
Project("{FAE04EC0-301F-11D3-BF4B-00C04F79EFBC}") = "domain", "domain\domain.csproj", "{044FCA82-239E-4F63-9323-81D8D08446FC}"
EndProject
Project("{FAE04EC0-301F-11D3-BF4B-00C04F79EFBC}") = "cww.api", "cww.api\cww.api.csproj", "{068093E1-F456-46DA-9DC2-007A0BD92470}"
EndProject
Project("{FAE04EC0-301F-11D3-BF4B-00C04F79EFBC}") = "infra", "infra\infra.csproj", "{EFED83CA-B248-4110-B7F8-958791314B71}"
EndProject
Global
	GlobalSection(SolutionConfigurationPlatforms) = preSolution
		Debug|Any CPU = Debug|Any CPU
		Release|Any CPU = Release|Any CPU
	EndGlobalSection
	GlobalSection(SolutionProperties) = preSolution
		HideSolutionNode = FALSE
	EndGlobalSection
	GlobalSection(ProjectConfigurationPlatforms) = postSolution
		{044FCA82-239E-4F63-9323-81D8D08446FC}.Debug|Any CPU.ActiveCfg = Debug|Any CPU
		{044FCA82-239E-4F63-9323-81D8D08446FC}.Debug|Any CPU.Build.0 = Debug|Any CPU
		{044FCA82-239E-4F63-9323-81D8D08446FC}.Release|Any CPU.ActiveCfg = Release|Any CPU
		{044FCA82-239E-4F63-9323-81D8D08446FC}.Release|Any CPU.Build.0 = Release|Any CPU
		{068093E1-F456-46DA-9DC2-007A0BD92470}.Debug|Any CPU.ActiveCfg = Debug|Any CPU
		{068093E1-F456-46DA-9DC2-007A0BD92470}.Debug|Any CPU.Build.0 = Debug|Any CPU
		{068093E1-F456-46DA-9DC2-007A0BD92470}.Release|Any CPU.ActiveCfg = Release|Any CPU
		{068093E1-F456-46DA-9DC2-007A0BD92470}.Release|Any CPU.Build.0 = Release|Any CPU
		{EFED83CA-B248-4110-B7F8-958791314B71}.Debug|Any CPU.ActiveCfg = Debug|Any CPU
		{EFED83CA-B248-4110-B7F8-958791314B71}.Debug|Any CPU.Build.0 = Debug|Any CPU
		{EFED83CA-B248-4110-B7F8-958791314B71}.Release|Any CPU.ActiveCfg = Release|Any CPU
		{EFED83CA-B248-4110-B7F8-958791314B71}.Release|Any CPU.Build.0 = Release|Any CPU
	EndGlobalSection
EndGlobal
